hash: 2635732473188d3cbe873005c75340d94b31094e1a602a0c7383ed26fa7f7b7e
updated: 2018-02-06T16:30:00.429906+08:00
imports:
- name: github.com/miekg/dns
  version: 5364553f1ee9cddc7ac8b62dce148309c386695b
- name: github.com/teris-io/shortid
  version: 6c56cef5189ca1b3d5ef01dc07f4d611dfc0bb33
testImports: []
